
Microsoft Visual Studio Solution File, Format Version 12.00
# Visual Studio Version 17
VisualStudioVersion = 17.3.32825.248
MinimumVisualStudioVersion = 10.0.40219.1
Project("{FAE04EC0-301F-11D3-BF4B-00C04F79EFBC}") = "LearningDataTypes", "LearningDataTypes\LearningDataTypes.csproj", "{ADA73299-BB20-437E-AB16-AFCC6FAD87BD}"
EndProject
Global
	GlobalSection(SolutionConfigurationPlatforms) = preSolution
		Debug|Any CPU = Debug|Any CPU
		Release|Any CPU = Release|Any CPU
	EndGlobalSection
	GlobalSection(ProjectConfigurationPlatforms) = postSolution
		{ADA73299-BB20-437E-AB16-AFCC6FAD87BD}.Debug|Any CPU.ActiveCfg = Debug|Any CPU
		{ADA73299-BB20-437E-AB16-AFCC6FAD87BD}.Debug|Any CPU.Build.0 = Debug|Any CPU
		{ADA73299-BB20-437E-AB16-AFCC6FAD87BD}.Release|Any CPU.ActiveCfg = Release|Any CPU
		{ADA73299-BB20-437E-AB16-AFCC6FAD87BD}.Release|Any CPU.Build.0 = Release|Any CPU
	EndGlobalSection
	GlobalSection(SolutionProperties) = preSolution
		HideSolutionNode = FALSE
	EndGlobalSection
	GlobalSection(ExtensibilityGlobals) = postSolution
		SolutionGuid = {C211072C-3E4D-47E7-98BE-95AB11E9A869}
	EndGlobalSection
EndGlobal
